// !$*UTF8*$!
{
	archiveVersion = 1;
	classes = {
	};
	objectVersion = 77;
	objects = {

/* Begin PBXBuildFile section */
		B567C3302E69E75900DBB893 /* Supabase in Frameworks */ = {isa = PBXBuildFile; productRef = B567C32F2E69E75900DBB893 /* Supabase */; };
/* End PBXBuildFile section */

/* Begin PBXContainerItemProxy section */
		B567C2192E55DA7100DBB893 /* PBXContainerItemProxy */ = {
			isa = PBXContainerItemProxy;
			containerPortal = B567C2032E55DA7000DBB893 /* Project object */;
			proxyType = 1;
			remoteGlobalIDString = B567C20A2E55DA7000DBB893;
			remoteInfo = Trails;
		};
		B567C2232E55DA7100DBB893 /* PBXContainerItemProxy */ = {
			isa = PBXContainerItemProxy;
			containerPortal = B567C2032E55DA7000DBB893 /* Project object */;
			proxyType = 1;
			remoteGlobalIDString = B567C20A2E55DA7000DBB893;
			remoteInfo = Trails;
		};
/* End PBXContainerItemProxy section */

/* Begin PBXFileReference section */
		B567C20B2E55DA7000DBB893 /* Trails.app */ = {isa = PBXFileReference; explicitFileType = wrapper.application; includeInIndex = 0; path = Trails.app; sourceTree = BUILT_PRODUCTS_DIR; };
		B567C2182E55DA7100DBB893 /* TrailsTests.xctest */ = {isa = PBXFileReference; explicitFileType = wrapper.cfbundle; includeInIndex = 0; path = TrailsTests.xctest; sourceTree = BUILT_PRODUCTS_DIR; };
		B567C2222E55DA7100DBB893 /* TrailsUITests.xctest */ = {isa = PBXFileReference; explicitFileType = wrapper.cfbundle; includeInIndex = 0; path = TrailsUITests.xctest; sourceTree = BUILT_PRODUCTS_DIR; };
/* End PBXFileReference section */

/* Begin PBXFileSystemSynchronizedRootGroup section */
		B567C20D2E55DA7000DBB893 /* Trails */ = {
			isa = PBXFileSystemSynchronizedRootGroup;
			path = Trails;
			sourceTree = "<group>";
		};
		B567C21B2E55DA7100DBB893 /* TrailsTests */ = {
			isa = PBXFileSystemSynchronizedRootGroup;
			path = TrailsTests;
			sourceTree = "<group>";
		};
		B567C2252E55DA7100DBB893 /* TrailsUITests */ = {
			isa = PBXFileSystemSynchronizedRootGroup;
			path = TrailsUITests;
			sourceTree = "<group>";
		};
/* End PBXFileSystemSynchronizedRootGroup section */

/* Begin PBXFrameworksBuildPhase section */
		B567C2082E55DA7000DBB893 /* Frameworks */ = {
			isa = PBXFrameworksBuildPhase;
			buildActionMask = 2147483647;
			files = (
				B567C3302E69E75900DBB893 /* Supabase in Frameworks */,
			);
			runOnlyForDeploymentPostprocessing = 0;
		};
		B567C2152E55DA7100DBB893 /* Frameworks */ = {
			isa = PBXFrameworksBuildPhase;
			buildActionMask = 2147483647;
			files = (
			);
			runOnlyForDeploymentPostprocessing = 0;
		};
		B567C21F2E55DA7100DBB893 /* Frameworks */ = {
			isa = PBXFrameworksBuildPhase;
			buildActionMask = 2147483647;
			files = (
			);
			runOnlyForDeploymentPostprocessing = 0;
		};
/* End PBXFrameworksBuildPhase section */

/* Begin PBXGroup section */
		B567C2022E55DA7000DBB893 = {
			isa = PBXGroup;
			children = (
				B567C20D2E55DA7000DBB893 /* Trails */,
				B567C21B2E55DA7100DBB893 /* TrailsTests */,
				B567C2252E55DA7100DBB893 /* TrailsUITests */,
				B567C32E2E69E72400DBB893 /* Frameworks */,
				B567C20C2E55DA7000DBB893 /* Products */,
			);
			sourceTree = "<group>";
		};
		B567C20C2E55DA7000DBB893 /* Products */ = {
			isa = PBXGroup;
			children = (
				B567C20B2E55DA7000DBB893 /* Trails.app */,
				B567C2182E55DA7100DBB893 /* TrailsTests.xctest */,
				B567C2222E55DA7100DBB893 /* TrailsUITests.xctest */,
			);
			name = Products;
			sourceTree = "<group>";
		};
		B567C32E2E69E72400DBB893 /* Frameworks */ = {
			isa = PBXGroup;
			children = (
			);
			name = Frameworks;
			sourceTree = "<group>";
		};
/* End PBXGroup section */

/* Begin PBXNativeTarget section */
		B567C20A2E55DA7000DBB893 /* Trails */ = {
			isa = PBXNativeTarget;
			buildConfigurationList = B567C22C2E55DA7100DBB893 /* Build configuration list for PBXNativeTarget "Trails" */;
			buildPhases = (
				B567C2072E55DA7000DBB893 /* Sources */,
				B567C2082E55DA7000DBB893 /* Frameworks */,
				B567C2092E55DA7000DBB893 /* Resources */,
			);
			buildRules = (
			);
			dependencies = (
			);
			fileSystemSynchronizedGroups = (
				B567C20D2E55DA7000DBB893 /* Trails */,
			);
			name = Trails;
			packageProductDependencies = (
				B567C32F2E69E75900DBB893 /* Supabase */,
			);
			productName = Trails;
			productReference = B567C20B2E55DA7000DBB893 /* Trails.app */;
			productType = "com.apple.product-type.application";
		};
		B567C2172E55DA7100DBB893 /* TrailsTests */ = {
			isa = PBXNativeTarget;
			buildConfigurationList = B567C22F2E55DA7100DBB893 /* Build configuration list for PBXNativeTarget "TrailsTests" */;
			buildPhases = (
				B567C2142E55DA7100DBB893 /* Sources */,
				B567C2152E55DA7100DBB893 /* Frameworks */,
				B567C2162E55DA7100DBB893 /* Resources */,
			);
			buildRules = (
			);
			dependencies = (
				B567C21A2E55DA7100DBB893 /* PBXTargetDependency */,
			);
			fileSystemSynchronizedGroups = (
				B567C21B2E55DA7100DBB893 /* TrailsTests */,
			);
			name = TrailsTests;
			packageProductDependencies = (
			);
			productName = TrailsTests;
			productReference = B567C2182E55DA7100DBB893 /* TrailsTests.xctest */;
			productType = "com.apple.product-type.bundle.unit-test";
		};
		B567C2212E55DA7100DBB893 /* TrailsUITests */ = {
			isa = PBXNativeTarget;
			buildConfigurationList = B567C2322E55DA7100DBB893 /* Build configuration list for PBXNativeTarget "TrailsUITests" */;
			buildPhases = (
				B567C21E2E55DA7100DBB893 /* Sources */,
				B567C21F2E55DA7100DBB893 /* Frameworks */,
				B567C2202E55DA7100DBB893 /* Resources */,
			);
			buildRules = (
			);
			dependencies = (
				B567C2242E55DA7100DBB893 /* PBXTargetDependency */,
			);
			fileSystemSynchronizedGroups = (
				B567C2252E55DA7100DBB893 /* TrailsUITests */,
			);
			name = TrailsUITests;
			packageProductDependencies = (
			);
			productName = TrailsUITests;
			productReference = B567C2222E55DA7100DBB893 /* TrailsUITests.xctest */;
			productType = "com.apple.product-type.bundle.ui-testing";
		};
/* End PBXNativeTarget section */

/* Begin PBXProject section */
		B567C2032E55DA7000DBB893 /* Project object */ = {
			isa = PBXProject;
			attributes = {
				BuildIndependentTargetsInParallel = 1;
				LastSwiftUpdateCheck = 1630;
				LastUpgradeCheck = 1630;
				TargetAttributes = {
					B567C20A2E55DA7000DBB893 = {
						CreatedOnToolsVersion = 16.3;
					};
					B567C2172E55DA7100DBB893 = {
						CreatedOnToolsVersion = 16.3;
						TestTargetID = B567C20A2E55DA7000DBB893;
					};
					B567C2212E55DA7100DBB893 = {
						CreatedOnToolsVersion = 16.3;
						TestTargetID = B567C20A2E55DA7000DBB893;
					};
				};
			};
			buildConfigurationList = B567C2062E55DA7000DBB893 /* Build configuration list for PBXProject "Trails" */;
			developmentRegion = en;
			hasScannedForEncodings = 0;
			knownRegions = (
				en,
				Base,
			);
			mainGroup = B567C2022E55DA7000DBB893;
			minimizedProjectReferenceProxies = 1;
			packageReferences = (
				B567C32C2E69B05E00DBB893 /* XCRemoteSwiftPackageReference "swift-algorithms" */,
				B567C32D2E69B0A100DBB893 /* XCRemoteSwiftPackageReference "supabase-swift" */,
			);
			preferredProjectObjectVersion = 77;
			productRefGroup = B567C20C2E55DA7000DBB893 /* Products */;
			projectDirPath = "";
			projectRoot = "";
			targets = (
				B567C20A2E55DA7000DBB893 /* Trails */,
				B567C2172E55DA7100DBB893 /* TrailsTests */,
				B567C2212E55DA7100DBB893 /* TrailsUITests */,
			);
		};
/* End PBXProject section */

/* Begin PBXResourcesBuildPhase section */
		B567C2092E55DA7000DBB893 /* Resources */ = {
			isa = PBXResourcesBuildPhase;
			buildActionMask = 2147483647;
			files = (
			);
			runOnlyForDeploymentPostprocessing = 0;
		};
		B567C2162E55DA7100DBB893 /* Resources */ = {
			isa = PBXResourcesBuildPhase;
			buildActionMask = 2147483647;
			files = (
			);
			runOnlyForDeploymentPostprocessing = 0;
		};
		B567C2202E55DA7100DBB893 /* Resources */ = {
			isa = PBXResourcesBuildPhase;
			buildActionMask = 2147483647;
			files = (
			);
			runOnlyForDeploymentPostprocessing = 0;
		};
/* End PBXResourcesBuildPhase section */

/* Begin PBXSourcesBuildPhase section */
		B567C2072E55DA7000DBB893 /* Sources */ = {
			isa = PBXSourcesBuildPhase;
			buildActionMask = 2147483647;
			files = (
			);
			runOnlyForDeploymentPostprocessing = 0;
		};
		B567C2142E55DA7100DBB893 /* Sources */ = {
			isa = PBXSourcesBuildPhase;
			buildActionMask = 2147483647;
			files = (
			);
			runOnlyForDeploymentPostprocessing = 0;
		};
		B567C21E2E55DA7100DBB893 /* Sources */ = {
			isa = PBXSourcesBuildPhase;
			buildActionMask = 2147483647;
			files = (
			);
			runOnlyForDeploymentPostprocessing = 0;
		};
/* End PBXSourcesBuildPhase section */

/* Begin PBXTargetDependency section */
		B567C21A2E55DA7100DBB893 /* PBXTargetDependency */ = {
			isa = PBXTargetDependency;
			target = B567C20A2E55DA7000DBB893 /* Trails */;
			targetProxy = B567C2192E55DA7100DBB893 /* PBXContainerItemProxy */;
		};
		B567C2242E55DA7100DBB893 /* PBXTargetDependency */ = {
			isa = PBXTargetDependency;
			target = B567C20A2E55DA7000DBB893 /* Trails */;
			targetProxy = B567C2232E55DA7100DBB893 /* PBXContainerItemProxy */;
		};
/* End PBXTargetDependency section */

/* Begin XCBuildConfiguration section */
		B567C22A2E55DA7100DBB893 /* Debug */ = {
			isa = XCBuildConfiguration;
			buildSettings = {
				ALWAYS_SEARCH_USER_PATHS = NO;
				ASSETCATALOG_COMPILER_GENERATE_SWIFT_ASSET_SYMBOL_EXTENSIONS = YES;
				CLANG_ANALYZER_NONNULL = YES;
				CLANG_ANALYZER_NUMBER_OBJECT_CONVERSION = YES_AGGRESSIVE;
				CLANG_CXX_LANGUAGE_STANDARD = "gnu++20";
				CLANG_ENABLE_MODULES = YES;
				CLANG_ENABLE_OBJC_ARC = YES;
				CLANG_ENABLE_OBJC_WEAK = YES;
				CLANG_WARN_BLOCK_CAPTURE_AUTORELEASING = YES;
				CLANG_WARN_BOOL_CONVERSION = YES;
				CLANG_WARN_COMMA = YES;
				CLANG_WARN_CONSTANT_CONVERSION = YES;
				CLANG_WARN_DEPRECATED_OBJC_IMPLEMENTATIONS = YES;
				CLANG_WARN_DIRECT_OBJC_ISA_USAGE = YES_ERROR;
				CLANG_WARN_DOCUMENTATION_COMMENTS = YES;
				CLANG_WARN_EMPTY_BODY = YES;
				CLANG_WARN_ENUM_CONVERSION = YES;
				CLANG_WARN_INFINITE_RECURSION = YES;
				CLANG_WARN_INT_CONVERSION = YES;
				CLANG_WARN_NON_LITERAL_NULL_CONVERSION = YES;
				CLANG_WARN_OBJC_IMPLICIT_RETAIN_SELF = YES;
				CLANG_WARN_OBJC_LITERAL_CONVERSION = YES;
				CLANG_WARN_OBJC_ROOT_CLASS = YES_ERROR;
				CLANG_WARN_QUOTED_INCLUDE_IN_FRAMEWORK_HEADER = YES;
				CLANG_WARN_RANGE_LOOP_ANALYSIS = YES;
				CLANG_WARN_STRICT_PROTOTYPES = YES;
				CLANG_WARN_SUSPICIOUS_MOVE = YES;
				CLANG_WARN_UNGUARDED_AVAILABILITY = YES_AGGRESSIVE;
				CLANG_WARN_UNREACHABLE_CODE = YES;
				CLANG_WARN__DUPLICATE_METHOD_MATCH = YES;
				COPY_PHASE_STRIP = NO;
				DEBUG_INFORMATION_FORMAT = dwarf;
				ENABLE_STRICT_OBJC_MSGSEND = YES;
				ENABLE_TESTABILITY = YES;
				ENABLE_USER_SCRIPT_SANDBOXING = YES;
				GCC_C_LANGUAGE_STANDARD = gnu17;
				GCC_DYNAMIC_NO_PIC = NO;
				GCC_NO_COMMON_BLOCKS = YES;
				GCC_OPTIMIZATION_LEVEL = 0;
				GCC_PREPROCESSOR_DEFINITIONS = (
					"DEBUG=1",
					"$(inherited)",
				);
				GCC_WARN_64_TO_32_BIT_CONVERSION = YES;
				GCC_WARN_ABOUT_RETURN_TYPE = YES_ERROR;
				GCC_WARN_UNDECLARED_SELECTOR = YES;
				GCC_WARN_UNINITIALIZED_AUTOS = YES_AGGRESSIVE;
				GCC_WARN_UNUSED_FUNCTION = YES;
				GCC_WARN_UNUSED_VARIABLE = YES;
				IPHONEOS_DEPLOYMENT_TARGET = 18.4;
				LOCALIZATION_PREFERS_STRING_CATALOGS = YES;
				MTL_ENABLE_DEBUG_INFO = INCLUDE_SOURCE;
				MTL_FAST_MATH = YES;
				ONLY_ACTIVE_ARCH = YES;
				SDKROOT = iphoneos;
				SWIFT_ACTIVE_COMPILATION_CONDITIONS = "DEBUG $(inherited)";
				SWIFT_OPTIMIZATION_LEVEL = "-Onone";
			};
			name = Debug;
		};
		B567C22B2E55DA7100DBB893 /* Release */ = {
			isa = XCBuildConfiguration;
			buildSettings = {
				ALWAYS_SEARCH_USER_PATHS = NO;
				ASSETCATALOG_COMPILER_GENERATE_SWIFT_ASSET_SYMBOL_EXTENSIONS = YES;
				CLANG_ANALYZER_NONNULL = YES;
				CLANG_ANALYZER_NUMBER_OBJECT_CONVERSION = YES_AGGRESSIVE;
				CLANG_CXX_LANGUAGE_STANDARD = "gnu++20";
				CLANG_ENABLE_MODULES = YES;
				CLANG_ENABLE_OBJC_ARC = YES;
				CLANG_ENABLE_OBJC_WEAK = YES;
				CLANG_WARN_BLOCK_CAPTURE_AUTORELEASING = YES;
				CLANG_WARN_BOOL_CONVERSION = YES;
				CLANG_WARN_COMMA = YES;
				CLANG_WARN_CONSTANT_CONVERSION = YES;
				CLANG_WARN_DEPRECATED_OBJC_IMPLEMENTATIONS = YES;
				CLANG_WARN_DIRECT_OBJC_ISA_USAGE = YES_ERROR;
				CLANG_WARN_DOCUMENTATION_COMMENTS = YES;
				CLANG_WARN_EMPTY_BODY = YES;
				CLANG_WARN_ENUM_CONVERSION = YES;
				CLANG_WARN_INFINITE_RECURSION = YES;
				CLANG_WARN_INT_CONVERSION = YES;
				CLANG_WARN_NON_LITERAL_NULL_CONVERSION = YES;
				CLANG_WARN_OBJC_IMPLICIT_RETAIN_SELF = YES;
				CLANG_WARN_OBJC_LITERAL_CONVERSION = YES;
				CLANG_WARN_OBJC_ROOT_CLASS = YES_ERROR;
				CLANG_WARN_QUOTED_INCLUDE_IN_FRAMEWORK_HEADER = YES;
				CLANG_WARN_RANGE_LOOP_ANALYSIS = YES;
				CLANG_WARN_STRICT_PROTOTYPES = YES;
				CLANG_WARN_SUSPICIOUS_MOVE = YES;
				CLANG_WARN_UNGUARDED_AVAILABILITY = YES_AGGRESSIVE;
				CLANG_WARN_UNREACHABLE_CODE = YES;
				CLANG_WARN__DUPLICATE_METHOD_MATCH = YES;
				COPY_PHASE_STRIP = NO;
				DEBUG_INFORMATION_FORMAT = "dwarf-with-dsym";
				ENABLE_NS_ASSERTIONS = NO;
				ENABLE_STRICT_OBJC_MSGSEND = YES;
				ENABLE_USER_SCRIPT_SANDBOXING = YES;
				GCC_C_LANGUAGE_STANDARD = gnu17;
				GCC_NO_COMMON_BLOCKS = YES;
				GCC_WARN_64_TO_32_BIT_CONVERSION = YES;
				GCC_WARN_ABOUT_RETURN_TYPE = YES_ERROR;
				GCC_WARN_UNDECLARED_SELECTOR = YES;
				GCC_WARN_UNINITIALIZED_AUTOS = YES_AGGRESSIVE;
				GCC_WARN_UNUSED_FUNCTION = YES;
				GCC_WARN_UNUSED_VARIABLE = YES;
				IPHONEOS_DEPLOYMENT_TARGET = 18.4;
				LOCALIZATION_PREFERS_STRING_CATALOGS = YES;
				MTL_ENABLE_DEBUG_INFO = NO;
				MTL_FAST_MATH = YES;
				SDKROOT = iphoneos;
				SWIFT_COMPILATION_MODE = wholemodule;
				VALIDATE_PRODUCT = YES;
			};
			name = Release;
		};
		B567C22D2E55DA7100DBB893 /* Debug */ = {
			isa = XCBuildConfiguration;
			buildSettings = {
				ASSETCATALOG_COMPILER_APPICON_NAME = AppIcon;
				ASSETCATALOG_COMPILER_GLOBAL_ACCENT_COLOR_NAME = AccentColor;
				CODE_SIGN_STYLE = Automatic;
				CURRENT_PROJECT_VERSION = 1;
				ENABLE_PREVIEWS = YES;
				GENERATE_INFOPLIST_FILE = YES;
				INFOPLIST_KEY_NSLocationWhenInUseUsageDescription = "我们需要您的位置信息来记录运动轨迹和计算距离。";
				INFOPLIST_KEY_UIApplicationSceneManifest_Generation = YES;
				INFOPLIST_KEY_UIApplicationSupportsIndirectInputEvents = YES;
				INFOPLIST_KEY_UILaunchScreen_Generation = YES;
				INFOPLIST_KEY_UISupportedInterfaceOrientations_iPad = "UIInterfaceOrientationPortrait UIInterfaceOrientationPortraitUpsideDown UIInterfaceOrientationLandscapeLeft UIInterfaceOrientationLandscapeRight";
				INFOPLIST_KEY_UISupportedInterfaceOrientations_iPhone = "UIInterfaceOrientationPortrait UIInterfaceOrientationLandscapeLeft UIInterfaceOrientationLandscapeRight";
				LD_RUNPATH_SEARCH_PATHS = (
					"$(inherited)",
					"@executable_path/Frameworks",
				);
				MARKETING_VERSION = 1.0;
				PRODUCT_BUNDLE_IDENTIFIER = MXW.Trails;
				PRODUCT_NAME = "$(TARGET_NAME)";
				SWIFT_EMIT_LOC_STRINGS = YES;
				SWIFT_VERSION = 5.0;
				TARGETED_DEVICE_FAMILY = "1,2";
			};
			name = Debug;
		};
		B567C22E2E55DA7100DBB893 /* Release */ = {
			isa = XCBuildConfiguration;
			buildSettings = {
				ASSETCATALOG_COMPILER_APPICON_NAME = AppIcon;
				ASSETCATALOG_COMPILER_GLOBAL_ACCENT_COLOR_NAME = AccentColor;
				CODE_SIGN_STYLE = Automatic;
				CURRENT_PROJECT_VERSION = 1;
				ENABLE_PREVIEWS = YES;
				GENERATE_INFOPLIST_FILE = YES;
				INFOPLIST_KEY_NSLocationWhenInUseUsageDescription = "我们需要您的位置信息来记录运动轨迹和计算距离。";
				INFOPLIST_KEY_UIApplicationSceneManifest_Generation = YES;
				INFOPLIST_KEY_UIApplicationSupportsIndirectInputEvents = YES;
				INFOPLIST_KEY_UILaunchScreen_Generation = YES;
				INFOPLIST_KEY_UISupportedInterfaceOrientations_iPad = "UIInterfaceOrientationPortrait UIInterfaceOrientationPortraitUpsideDown UIInterfaceOrientationLandscapeLeft UIInterfaceOrientationLandscapeRight";
				INFOPLIST_KEY_UISupportedInterfaceOrientations_iPhone = "UIInterfaceOrientationPortrait UIInterfaceOrientationLandscapeLeft UIInterfaceOrientationLandscapeRight";
				LD_RUNPATH_SEARCH_PATHS = (
					"$(inherited)",
					"@executable_path/Frameworks",
				);
				MARKETING_VERSION = 1.0;
				PRODUCT_BUNDLE_IDENTIFIER = MXW.Trails;
				PRODUCT_NAME = "$(TARGET_NAME)";
				SWIFT_EMIT_LOC_STRINGS = YES;
				SWIFT_VERSION = 5.0;
				TARGETED_DEVICE_FAMILY = "1,2";
			};
			name = Release;
		};
		B567C2302E55DA7100DBB893 /* Debug */ = {
			isa = XCBuildConfiguration;
			buildSettings = {
				BUNDLE_LOADER = "$(TEST_HOST)";
				CODE_SIGN_STYLE = Automatic;
				CURRENT_PROJECT_VERSION = 1;
				GENERATE_INFOPLIST_FILE = YES;
				IPHONEOS_DEPLOYMENT_TARGET = 18.4;
				MARKETING_VERSION = 1.0;
				PRODUCT_BUNDLE_IDENTIFIER = MXW.TrailsTests;
				PRODUCT_NAME = "$(TARGET_NAME)";
				SWIFT_EMIT_LOC_STRINGS = NO;
				SWIFT_VERSION = 5.0;
				TARGETED_DEVICE_FAMILY = "1,2";
				TEST_HOST = "$(BUILT_PRODUCTS_DIR)/Trails.app/$(BUNDLE_EXECUTABLE_FOLDER_PATH)/Trails";
			};
			name = Debug;
		};
		B567C2312E55DA7100DBB893 /* Release */ = {
			isa = XCBuildConfiguration;
			buildSettings = {
				BUNDLE_LOADER = "$(TEST_HOST)";
				CODE_SIGN_STYLE = Automatic;
				CURRENT_PROJECT_VERSION = 1;
				GENERATE_INFOPLIST_FILE = YES;
				IPHONEOS_DEPLOYMENT_TARGET = 18.4;
				MARKETING_VERSION = 1.0;
				PRODUCT_BUNDLE_IDENTIFIER = MXW.TrailsTests;
				PRODUCT_NAME = "$(TARGET_NAME)";
				SWIFT_EMIT_LOC_STRINGS = NO;
				SWIFT_VERSION = 5.0;
				TARGETED_DEVICE_FAMILY = "1,2";
				TEST_HOST = "$(BUILT_PRODUCTS_DIR)/Trails.app/$(BUNDLE_EXECUTABLE_FOLDER_PATH)/Trails";
			};
			name = Release;
		};
		B567C2332E55DA7100DBB893 /* Debug */ = {
			isa = XCBuildConfiguration;
			buildSettings = {
				CODE_SIGN_STYLE = Automatic;
				CURRENT_PROJECT_VERSION = 1;
				GENERATE_INFOPLIST_FILE = YES;
				MARKETING_VERSION = 1.0;
				PRODUCT_BUNDLE_IDENTIFIER = MXW.TrailsUITests;
				PRODUCT_NAME = "$(TARGET_NAME)";
				SWIFT_EMIT_LOC_STRINGS = NO;
				SWIFT_VERSION = 5.0;
				TARGETED_DEVICE_FAMILY = "1,2";
				TEST_TARGET_NAME = Trails;
			};
			name = Debug;
		};
		B567C2342E55DA7100DBB893 /* Release */ = {
			isa = XCBuildConfiguration;
			buildSettings = {
				CODE_SIGN_STYLE = Automatic;
				CURRENT_PROJECT_VERSION = 1;
				GENERATE_INFOPLIST_FILE = YES;
				MARKETING_VERSION = 1.0;
				PRODUCT_BUNDLE_IDENTIFIER = MXW.TrailsUITests;
				PRODUCT_NAME = "$(TARGET_NAME)";
				SWIFT_EMIT_LOC_STRINGS = NO;
				SWIFT_VERSION = 5.0;
				TARGETED_DEVICE_FAMILY = "1,2";
				TEST_TARGET_NAME = Trails;
			};
			name = Release;
		};
/* End XCBuildConfiguration section */

/* Begin XCConfigurationList section */
		B567C2062E55DA7000DBB893 /* Build configuration list for PBXProject "Trails" */ = {
			isa = XCConfigurationList;
			buildConfigurations = (
				B567C22A2E55DA7100DBB893 /* Debug */,
				B567C22B2E55DA7100DBB893 /* Release */,
			);
			defaultConfigurationIsVisible = 0;
			defaultConfigurationName = Release;
		};
		B567C22C2E55DA7100DBB893 /* Build configuration list for PBXNativeTarget "Trails" */ = {
			isa = XCConfigurationList;
			buildConfigurations = (
				B567C22D2E55DA7100DBB893 /* Debug */,
				B567C22E2E55DA7100DBB893 /* Release */,
			);
			defaultConfigurationIsVisible = 0;
			defaultConfigurationName = Release;
		};
		B567C22F2E55DA7100DBB893 /* Build configuration list for PBXNativeTarget "TrailsTests" */ = {
			isa = XCConfigurationList;
			buildConfigurations = (
				B567C2302E55DA7100DBB893 /* Debug */,
				B567C2312E55DA7100DBB893 /* Release */,
			);
			defaultConfigurationIsVisible = 0;
			defaultConfigurationName = Release;
		};
		B567C2322E55DA7100DBB893 /* Build configuration list for PBXNativeTarget "TrailsUITests" */ = {
			isa = XCConfigurationList;
			buildConfigurations = (
				B567C2332E55DA7100DBB893 /* Debug */,
				B567C2342E55DA7100DBB893 /* Release */,
			);
			defaultConfigurationIsVisible = 0;
			defaultConfigurationName = Release;
		};
/* End XCConfigurationList section */

/* Begin XCRemoteSwiftPackageReference section */
		B567C32C2E69B05E00DBB893 /* XCRemoteSwiftPackageReference "swift-algorithms" */ = {
			isa = XCRemoteSwiftPackageReference;
			repositoryURL = "https://github.com/apple/swift-algorithms.git";
			requirement = {
				kind = upToNextMajorVersion;
				minimumVersion = 1.2.1;
			};
		};
		B567C32D2E69B0A100DBB893 /* XCRemoteSwiftPackageReference "supabase-swift" */ = {
			isa = XCRemoteSwiftPackageReference;
			repositoryURL = "https://github.com/supabase/supabase-swift";
			requirement = {
				kind = upToNextMajorVersion;
				minimumVersion = 2.5.1;
			};
		};
/* End XCRemoteSwiftPackageReference section */

/* Begin XCSwiftPackageProductDependency section */
		B567C32F2E69E75900DBB893 /* Supabase */ = {
			isa = XCSwiftPackageProductDependency;
			package = B567C32D2E69B0A100DBB893 /* XCRemoteSwiftPackageReference "supabase-swift" */;
			productName = Supabase;
		};
/* End XCSwiftPackageProductDependency section */
	};
	rootObject = B567C2032E55DA7000DBB893 /* Project object */;
}
